
Microsoft Visual Studio Solution File, Format Version 12.00
# Visual Studio Version 16
VisualStudioVersion = 16.0.30225.117
MinimumVisualStudioVersion = 10.0.40219.1
Project("{FAE04EC0-301F-11D3-BF4B-00C04F79EFBC}") = "SimulacionDeAireAcondicionado", "SimulacionDeAireAcondicionado.csproj", "{386F699F-9A74-4A56-ADF6-7B3C68E84F54}"
EndProject
Global
	GlobalSection(SolutionConfigurationPlatforms) = preSolution
		Debug|Any CPU = Debug|Any CPU
		Release|Any CPU = Release|Any CPU
	EndGlobalSection
	GlobalSection(ProjectConfigurationPlatforms) = postSolution
		{386F699F-9A74-4A56-ADF6-7B3C68E84F54}.Debug|Any CPU.ActiveCfg = Debug|Any CPU
		{386F699F-9A74-4A56-ADF6-7B3C68E84F54}.Debug|Any CPU.Build.0 = Debug|Any CPU
		{386F699F-9A74-4A56-ADF6-7B3C68E84F54}.Release|Any CPU.ActiveCfg = Release|Any CPU
		{386F699F-9A74-4A56-ADF6-7B3C68E84F54}.Release|Any CPU.Build.0 = Release|Any CPU
	EndGlobalSection
	GlobalSection(SolutionProperties) = preSolution
		HideSolutionNode = FALSE
	EndGlobalSection
	GlobalSection(ExtensibilityGlobals) = postSolution
		SolutionGuid = {47E222AE-77E2-46E5-AA80-55C2544E8E2A}
	EndGlobalSection
EndGlobal
